
Microsoft Visual Studio Solution File, Format Version 12.00
# Visual Studio 15
VisualStudioVersion = 15.0.27130.2010
MinimumVisualStudioVersion = 10.0.40219.1
Project("{FAE04EC0-301F-11D3-BF4B-00C04F79EFBC}") = "PushSharp-Sample", "PushSharp-Sample\PushSharp-Sample.csproj", "{9789F7D7-85F2-40AC-994B-076C2283CF54}"
EndProject
Project("{FAE04EC0-301F-11D3-BF4B-00C04F79EFBC}") = "PushSharp-Sample-Console", "PushSharp-Sample-Console\PushSharp-Sample-Console.csproj", "{0474586D-F76C-4CD9-B376-216B5508D600}"
EndProject
Global
	GlobalSection(SolutionConfigurationPlatforms) = preSolution
		Debug|Any CPU = Debug|Any CPU
		Release|Any CPU = Release|Any CPU
	EndGlobalSection
	GlobalSection(ProjectConfigurationPlatforms) = postSolution
		{9789F7D7-85F2-40AC-994B-076C2283CF54}.Debug|Any CPU.ActiveCfg = Debug|Any CPU
		{9789F7D7-85F2-40AC-994B-076C2283CF54}.Debug|Any CPU.Build.0 = Debug|Any CPU
		{9789F7D7-85F2-40AC-994B-076C2283CF54}.Release|Any CPU.ActiveCfg = Release|Any CPU
		{9789F7D7-85F2-40AC-994B-076C2283CF54}.Release|Any CPU.Build.0 = Release|Any CPU
		{0474586D-F76C-4CD9-B376-216B5508D600}.Debug|Any CPU.ActiveCfg = Debug|Any CPU
		{0474586D-F76C-4CD9-B376-216B5508D600}.Debug|Any CPU.Build.0 = Debug|Any CPU
		{0474586D-F76C-4CD9-B376-216B5508D600}.Release|Any CPU.ActiveCfg = Release|Any CPU
		{0474586D-F76C-4CD9-B376-216B5508D600}.Release|Any CPU.Build.0 = Release|Any CPU
	EndGlobalSection
	GlobalSection(SolutionProperties) = preSolution
		HideSolutionNode = FALSE
	EndGlobalSection
	GlobalSection(ExtensibilityGlobals) = postSolution
		SolutionGuid = {C9E47085-A435-4A0A-A5D8-48C1C3868D22}
	EndGlobalSection
EndGlobal
